
Microsoft Visual Studio Solution File, Format Version 12.00
# Visual Studio Version 17
VisualStudioVersion = 17.11.35431.28
MinimumVisualStudioVersion = 10.0.40219.1
Project("{FAE04EC0-301F-11D3-BF4B-00C04F79EFBC}") = "BSI_Test", "BSI_Test.csproj", "{FA33261D-C12E-40E3-9C67-4122042AA60F}"
EndProject
Global
	GlobalSection(SolutionConfigurationPlatforms) = preSolution
		Debug|Any CPU = Debug|Any CPU
		Release|Any CPU = Release|Any CPU
	EndGlobalSection
	GlobalSection(ProjectConfigurationPlatforms) = postSolution
		{FA33261D-C12E-40E3-9C67-4122042AA60F}.Debug|Any CPU.ActiveCfg = Debug|Any CPU
		{FA33261D-C12E-40E3-9C67-4122042AA60F}.Debug|Any CPU.Build.0 = Debug|Any CPU
		{FA33261D-C12E-40E3-9C67-4122042AA60F}.Release|Any CPU.ActiveCfg = Release|Any CPU
		{FA33261D-C12E-40E3-9C67-4122042AA60F}.Release|Any CPU.Build.0 = Release|Any CPU
	EndGlobalSection
	GlobalSection(SolutionProperties) = preSolution
		HideSolutionNode = FALSE
	EndGlobalSection
	GlobalSection(ExtensibilityGlobals) = postSolution
		SolutionGuid = {0005FCF0-6ADB-4707-903F-07FE112398B3}
	EndGlobalSection
EndGlobal
